
Microsoft Visual Studio Solution File, Format Version 12.00
# Visual Studio Version 17
VisualStudioVersion = 17.2.32630.192
MinimumVisualStudioVersion = 10.0.40219.1
Project("{9092AA53-FB77-4645-B42D-1CCCA6BD08BD}") = "action-check-suppressions", "action-check-suppressions.njsproj", "{3FDDEF91-9A2A-4739-A75B-D6685C6A75C4}"
EndProject
Global
	GlobalSection(SolutionConfigurationPlatforms) = preSolution
		Debug|Any CPU = Debug|Any CPU
		Release|Any CPU = Release|Any CPU
	EndGlobalSection
	GlobalSection(ProjectConfigurationPlatforms) = postSolution
		{3FDDEF91-9A2A-4739-A75B-D6685C6A75C4}.Debug|Any CPU.ActiveCfg = Debug|Any CPU
		{3FDDEF91-9A2A-4739-A75B-D6685C6A75C4}.Debug|Any CPU.Build.0 = Debug|Any CPU
		{3FDDEF91-9A2A-4739-A75B-D6685C6A75C4}.Release|Any CPU.ActiveCfg = Release|Any CPU
		{3FDDEF91-9A2A-4739-A75B-D6685C6A75C4}.Release|Any CPU.Build.0 = Release|Any CPU
	EndGlobalSection
	GlobalSection(SolutionProperties) = preSolution
		HideSolutionNode = FALSE
	EndGlobalSection
	GlobalSection(ExtensibilityGlobals) = postSolution
		SolutionGuid = {C775A3AE-E78B-48F8-9467-FF6D2ADBE04C}
	EndGlobalSection
EndGlobal
